
Microsoft Visual Studio Solution File, Format Version 12.00
# Visual Studio 2012
Project("{2150E333-8FDC-42A3-9474-1A3956D46DE8}") = "Solution Items", "Solution Items", "{652BCFF8-BCCC-4CE7-862A-77AF477A0FE1}"
	ProjectSection(SolutionItems) = preProject
		CCNet-Net4-Readme.txt = CCNet-Net4-Readme.txt
	EndProjectSection
EndProject
Project("{FAE04EC0-301F-11D3-BF4B-00C04F79EFBC}") = "CruiseControlNet.SelfHost", "CruiseControlNet.SelfHost\CruiseControlNet.SelfHost.csproj", "{08C4D002-A35E-46EC-91CB-1298C1E04E9E}"
EndProject
Project("{FAE04EC0-301F-11D3-BF4B-00C04F79EFBC}") = "CruiseControlNet.SelfHost.Console", "CruiseControlNet.SelfHost.Console\CruiseControlNet.SelfHost.Console.csproj", "{5846ADD3-F4E7-4228-9A91-80752B9A3277}"
EndProject
Global
	GlobalSection(SolutionConfigurationPlatforms) = preSolution
		Debug|Any CPU = Debug|Any CPU
		Release|Any CPU = Release|Any CPU
	EndGlobalSection
	GlobalSection(ProjectConfigurationPlatforms) = postSolution
		{08C4D002-A35E-46EC-91CB-1298C1E04E9E}.Debug|Any CPU.ActiveCfg = Debug|Any CPU
		{08C4D002-A35E-46EC-91CB-1298C1E04E9E}.Debug|Any CPU.Build.0 = Debug|Any CPU
		{08C4D002-A35E-46EC-91CB-1298C1E04E9E}.Release|Any CPU.ActiveCfg = Release|Any CPU
		{08C4D002-A35E-46EC-91CB-1298C1E04E9E}.Release|Any CPU.Build.0 = Release|Any CPU
		{5846ADD3-F4E7-4228-9A91-80752B9A3277}.Debug|Any CPU.ActiveCfg = Debug|Any CPU
		{5846ADD3-F4E7-4228-9A91-80752B9A3277}.Debug|Any CPU.Build.0 = Debug|Any CPU
		{5846ADD3-F4E7-4228-9A91-80752B9A3277}.Release|Any CPU.ActiveCfg = Release|Any CPU
		{5846ADD3-F4E7-4228-9A91-80752B9A3277}.Release|Any CPU.Build.0 = Release|Any CPU
	EndGlobalSection
	GlobalSection(SolutionProperties) = preSolution
		HideSolutionNode = FALSE
	EndGlobalSection
EndGlobal
